
Microsoft Visual Studio Solution File, Format Version 12.00
# Visual Studio 15
VisualStudioVersion = 15.0.28307.1145
MinimumVisualStudioVersion = 10.0.40219.1
Project("{FAE04EC0-301F-11D3-BF4B-00C04F79EFBC}") = "DownloadManager", "DownloadManager\DownloadManager.csproj", "{F240D65D-C4C8-45B8-9646-93E2441C27BB}"
EndProject
Global
	GlobalSection(SolutionConfigurationPlatforms) = preSolution
		Debug|Any CPU = Debug|Any CPU
		Release|Any CPU = Release|Any CPU
	EndGlobalSection
	GlobalSection(ProjectConfigurationPlatforms) = postSolution
		{F240D65D-C4C8-45B8-9646-93E2441C27BB}.Debug|Any CPU.ActiveCfg = Debug|Any CPU
		{F240D65D-C4C8-45B8-9646-93E2441C27BB}.Debug|Any CPU.Build.0 = Debug|Any CPU
		{F240D65D-C4C8-45B8-9646-93E2441C27BB}.Release|Any CPU.ActiveCfg = Release|Any CPU
		{F240D65D-C4C8-45B8-9646-93E2441C27BB}.Release|Any CPU.Build.0 = Release|Any CPU
	EndGlobalSection
	GlobalSection(SolutionProperties) = preSolution
		HideSolutionNode = FALSE
	EndGlobalSection
	GlobalSection(ExtensibilityGlobals) = postSolution
		SolutionGuid = {F0420907-4976-40AD-8BBD-50ED5CBD8109}
	EndGlobalSection
EndGlobal
